
Microsoft Visual Studio Solution File, Format Version 12.00
# Visual Studio Version 16
VisualStudioVersion = 16.0.29025.244
MinimumVisualStudioVersion = 10.0.40219.1
Project("{9A19103F-16F7-4668-BE54-9A1E7A4F7556}") = "MCSeeds", "MCSeeds.csproj", "{2741C768-44DB-467F-91B2-0AF754C6F738}"
EndProject
Global
	GlobalSection(SolutionConfigurationPlatforms) = preSolution
		Debug|Any CPU = Debug|Any CPU
		Release|Any CPU = Release|Any CPU
	EndGlobalSection
	GlobalSection(ProjectConfigurationPlatforms) = postSolution
		{2741C768-44DB-467F-91B2-0AF754C6F738}.Debug|Any CPU.ActiveCfg = Debug|Any CPU
		{2741C768-44DB-467F-91B2-0AF754C6F738}.Debug|Any CPU.Build.0 = Debug|Any CPU
		{2741C768-44DB-467F-91B2-0AF754C6F738}.Release|Any CPU.ActiveCfg = Release|Any CPU
		{2741C768-44DB-467F-91B2-0AF754C6F738}.Release|Any CPU.Build.0 = Release|Any CPU
	EndGlobalSection
	GlobalSection(SolutionProperties) = preSolution
		HideSolutionNode = FALSE
	EndGlobalSection
	GlobalSection(ExtensibilityGlobals) = postSolution
		SolutionGuid = {74D88266-DA20-45B3-8489-793037E18306}
	EndGlobalSection
EndGlobal
